PODS:
  - Flutter (1.0.0)
  - flutter_midi_command (0.0.1):
    - Flutter

DEPENDENCIES:
  - Flutter (from `Flutter`)
  - flutter_midi_command (from `.symlinks/plugins/flutter_midi_command/ios`)

EXTERNAL SOURCES:
  Flutter:
    :path: Flutter
  flutter_midi_command:
    :path: ".symlinks/plugins/flutter_midi_command/ios"

SPEC CHECKSUMS:
  Flutter: 0e3d915762c693b495b44d77113d4970485de6ec
  flutter_midi_command: 29d548cdc8ff3483445218d65c3078c9786263f1

PODFILE CHECKSUM: 57b6366e412a881a5db488ee35037f90711b962f

COCOAPODS: 1.9.1
