PODS:
  - flutter_midi_command (0.0.1):
    - FlutterMacOS
  - FlutterMacOS (1.0.0)
  - universal_ble (0.0.1):
    - Flutter
    - FlutterMacOS

DEPENDENCIES:
  - flutter_midi_command (from `Flutter/ephemeral/.symlinks/plugins/flutter_midi_command/macos`)
  - FlutterMacOS (from `Flutter/ephemeral`)
  - universal_ble (from `Flutter/ephemeral/.symlinks/plugins/universal_ble/darwin`)

EXTERNAL SOURCES:
  flutter_midi_command:
    :path: Flutter/ephemeral/.symlinks/plugins/flutter_midi_command/macos
  FlutterMacOS:
    :path: Flutter/ephemeral
  universal_ble:
    :path: Flutter/ephemeral/.symlinks/plugins/universal_ble/darwin

SPEC CHECKSUMS:
  flutter_midi_command: c1a74de594e48e8fffd195a2ed5746161d507a48
  FlutterMacOS: 8f6f14fa908a6fb3fba0cd85dbd81ec4b251fb24
  universal_ble: cf52a7b3fd2e7c14d6d7262e9fdadb72ab6b88a6

PODFILE CHECKSUM: 353c8bcc5d5b0994e508d035b5431cfe18c1dea7

COCOAPODS: 1.15.2
